
Microsoft Visual Studio Solution File, Format Version 12.00
# Visual Studio Version 16
VisualStudioVersion = 16.0.31911.196
MinimumVisualStudioVersion = 10.0.40219.1
Project("{FAE04EC0-301F-11D3-BF4B-00C04F79EFBC}") = "冰店訂購系統", "冰店訂購系統\冰店訂購系統.csproj", "{BFB17A4F-5B1B-4A09-9F03-D8BA3A35B0D6}"
EndProject
Global
	GlobalSection(SolutionConfigurationPlatforms) = preSolution
		Debug|Any CPU = Debug|Any CPU
		Release|Any CPU = Release|Any CPU
	EndGlobalSection
	GlobalSection(ProjectConfigurationPlatforms) = postSolution
		{BFB17A4F-5B1B-4A09-9F03-D8BA3A35B0D6}.Debug|Any CPU.ActiveCfg = Debug|Any CPU
		{BFB17A4F-5B1B-4A09-9F03-D8BA3A35B0D6}.Debug|Any CPU.Build.0 = Debug|Any CPU
		{BFB17A4F-5B1B-4A09-9F03-D8BA3A35B0D6}.Release|Any CPU.ActiveCfg = Release|Any CPU
		{BFB17A4F-5B1B-4A09-9F03-D8BA3A35B0D6}.Release|Any CPU.Build.0 = Release|Any CPU
	EndGlobalSection
	GlobalSection(SolutionProperties) = preSolution
		HideSolutionNode = FALSE
	EndGlobalSection
	GlobalSection(ExtensibilityGlobals) = postSolution
		SolutionGuid = {9A378F94-ED59-493E-839F-487E977A5FED}
	EndGlobalSection
EndGlobal
